
Microsoft Visual Studio Solution File, Format Version 12.00
# Visual Studio Version 16
VisualStudioVersion = 16.0.31112.23
MinimumVisualStudioVersion = 10.0.40219.1
Project("{9A19103F-16F7-4668-BE54-9A1E7A4F7556}") = "TimetableDesktop", "TimetableDesktop\TimetableDesktop.csproj", "{F079DA0F-E2DC-442E-9F82-DF00EB209F2F}"
EndProject
Project("{9A19103F-16F7-4668-BE54-9A1E7A4F7556}") = "TimetableDesktop.Models", "TimetableDesktop.Models\TimetableDesktop.Models.csproj", "{810BBE13-CA51-447A-95F8-CD7A1379CDE7}"
EndProject
Project("{FAE04EC0-301F-11D3-BF4B-00C04F79EFBC}") = "TimetableDesktop.Services", "Timetable.Services\TimetableDesktop.Services.csproj", "{86AB0E0C-1952-4370-A58E-DD0494F400A3}"
EndProject
Project("{FAE04EC0-301F-11D3-BF4B-00C04F79EFBC}") = "TimetableDesktop.BusinesLogic", "BusinesLogic\TimetableDesktop.BusinesLogic.csproj", "{5B75A9EF-3E93-4CF9-A0D9-361B9376F0C8}"
EndProject
Global
	GlobalSection(SolutionConfigurationPlatforms) = preSolution
		Debug|Any CPU = Debug|Any CPU
		Release|Any CPU = Release|Any CPU
	EndGlobalSection
	GlobalSection(ProjectConfigurationPlatforms) = postSolution
		{F079DA0F-E2DC-442E-9F82-DF00EB209F2F}.Debug|Any CPU.ActiveCfg = Debug|Any CPU
		{F079DA0F-E2DC-442E-9F82-DF00EB209F2F}.Debug|Any CPU.Build.0 = Debug|Any CPU
		{F079DA0F-E2DC-442E-9F82-DF00EB209F2F}.Release|Any CPU.ActiveCfg = Release|Any CPU
		{F079DA0F-E2DC-442E-9F82-DF00EB209F2F}.Release|Any CPU.Build.0 = Release|Any CPU
		{810BBE13-CA51-447A-95F8-CD7A1379CDE7}.Debug|Any CPU.ActiveCfg = Debug|Any CPU
		{810BBE13-CA51-447A-95F8-CD7A1379CDE7}.Debug|Any CPU.Build.0 = Debug|Any CPU
		{810BBE13-CA51-447A-95F8-CD7A1379CDE7}.Release|Any CPU.ActiveCfg = Release|Any CPU
		{810BBE13-CA51-447A-95F8-CD7A1379CDE7}.Release|Any CPU.Build.0 = Release|Any CPU
		{86AB0E0C-1952-4370-A58E-DD0494F400A3}.Debug|Any CPU.ActiveCfg = Debug|Any CPU
		{86AB0E0C-1952-4370-A58E-DD0494F400A3}.Debug|Any CPU.Build.0 = Debug|Any CPU
		{86AB0E0C-1952-4370-A58E-DD0494F400A3}.Release|Any CPU.ActiveCfg = Release|Any CPU
		{86AB0E0C-1952-4370-A58E-DD0494F400A3}.Release|Any CPU.Build.0 = Release|Any CPU
		{5B75A9EF-3E93-4CF9-A0D9-361B9376F0C8}.Debug|Any CPU.ActiveCfg = Debug|Any CPU
		{5B75A9EF-3E93-4CF9-A0D9-361B9376F0C8}.Debug|Any CPU.Build.0 = Debug|Any CPU
		{5B75A9EF-3E93-4CF9-A0D9-361B9376F0C8}.Release|Any CPU.ActiveCfg = Release|Any CPU
		{5B75A9EF-3E93-4CF9-A0D9-361B9376F0C8}.Release|Any CPU.Build.0 = Release|Any CPU
	EndGlobalSection
	GlobalSection(SolutionProperties) = preSolution
		HideSolutionNode = FALSE
	EndGlobalSection
	GlobalSection(ExtensibilityGlobals) = postSolution
		SolutionGuid = {C3E0D786-4648-45BE-9D20-DE21CD5766CC}
	EndGlobalSection
EndGlobal
